
Microsoft Visual Studio Solution File, Format Version 12.00
# Visual Studio 15
VisualStudioVersion = 15.0.33529.398
MinimumVisualStudioVersion = 10.0.40219.1
Project("{FAE04EC0-301F-11D3-BF4B-00C04F79EFBC}") = "AppRobert.Android", "AppRobert\AppRobert.Android\AppRobert.Android.csproj", "{5A742C1E-E490-4206-B94B-2DD76937CF72}"
EndProject
Project("{9A19103F-16F7-4668-BE54-9A1E7A4F7556}") = "AppRobert", "AppRobert\AppRobert\AppRobert.csproj", "{04EFE397-F35D-4631-8B0E-7FD9C6CF23C8}"
EndProject
Global
	GlobalSection(SolutionConfigurationPlatforms) = preSolution
		Debug|Any CPU = Debug|Any CPU
		Release|Any CPU = Release|Any CPU
	EndGlobalSection
	GlobalSection(ProjectConfigurationPlatforms) = postSolution
		{5A742C1E-E490-4206-B94B-2DD76937CF72}.Debug|Any CPU.ActiveCfg = Debug|Any CPU
		{5A742C1E-E490-4206-B94B-2DD76937CF72}.Debug|Any CPU.Build.0 = Debug|Any CPU
		{5A742C1E-E490-4206-B94B-2DD76937CF72}.Debug|Any CPU.Deploy.0 = Debug|Any CPU
		{5A742C1E-E490-4206-B94B-2DD76937CF72}.Release|Any CPU.ActiveCfg = Release|Any CPU
		{5A742C1E-E490-4206-B94B-2DD76937CF72}.Release|Any CPU.Build.0 = Release|Any CPU
		{5A742C1E-E490-4206-B94B-2DD76937CF72}.Release|Any CPU.Deploy.0 = Release|Any CPU
		{04EFE397-F35D-4631-8B0E-7FD9C6CF23C8}.Debug|Any CPU.ActiveCfg = Debug|Any CPU
		{04EFE397-F35D-4631-8B0E-7FD9C6CF23C8}.Debug|Any CPU.Build.0 = Debug|Any CPU
		{04EFE397-F35D-4631-8B0E-7FD9C6CF23C8}.Debug|Any CPU.Deploy.0 = Debug|Any CPU
		{04EFE397-F35D-4631-8B0E-7FD9C6CF23C8}.Release|Any CPU.ActiveCfg = Release|Any CPU
		{04EFE397-F35D-4631-8B0E-7FD9C6CF23C8}.Release|Any CPU.Build.0 = Release|Any CPU
		{04EFE397-F35D-4631-8B0E-7FD9C6CF23C8}.Release|Any CPU.Deploy.0 = Release|Any CPU
	EndGlobalSection
	GlobalSection(SolutionProperties) = preSolution
		HideSolutionNode = FALSE
	EndGlobalSection
	GlobalSection(ExtensibilityGlobals) = postSolution
		SolutionGuid = {9BB56202-D683-4DDD-B4DF-5F9B5684F977}
	EndGlobalSection
EndGlobal
